
Microsoft Visual Studio Solution File, Format Version 12.00
# Visual Studio 15
Project("{FAE04EC0-301F-11D3-BF4B-00C04F79EFBC}") = "Assembly-CSharp-firstpass", "Assembly-CSharp-firstpass.csproj", "{45FAD3C2-BE46-3102-E975-4BE002542A4F}"
EndProject
Project("{FAE04EC0-301F-11D3-BF4B-00C04F79EFBC}") = "Assembly-CSharp", "Assembly-CSharp.csproj", "{8D794366-15E6-29F9-B45A-A5BB07F1775B}"
EndProject
Project("{FAE04EC0-301F-11D3-BF4B-00C04F79EFBC}") = "Assembly-CSharp-Editor-firstpass", "Assembly-CSharp-Editor-firstpass.csproj", "{BDF60AAB-0298-7F44-DB7D-BCC54D04DFA4}"
EndProject
Global
	GlobalSection(SolutionConfigurationPlatforms) = preSolution
		Debug|Any CPU = Debug|Any CPU
		Release|Any CPU = Release|Any CPU
	EndGlobalSection
	GlobalSection(ProjectConfigurationPlatforms) = postSolution
		{45FAD3C2-BE46-3102-E975-4BE002542A4F}.Debug|Any CPU.ActiveCfg = Debug|Any CPU
		{45FAD3C2-BE46-3102-E975-4BE002542A4F}.Debug|Any CPU.Build.0 = Debug|Any CPU
		{45FAD3C2-BE46-3102-E975-4BE002542A4F}.Release|Any CPU.ActiveCfg = Release|Any CPU
		{45FAD3C2-BE46-3102-E975-4BE002542A4F}.Release|Any CPU.Build.0 = Release|Any CPU
		{8D794366-15E6-29F9-B45A-A5BB07F1775B}.Debug|Any CPU.ActiveCfg = Debug|Any CPU
		{8D794366-15E6-29F9-B45A-A5BB07F1775B}.Debug|Any CPU.Build.0 = Debug|Any CPU
		{8D794366-15E6-29F9-B45A-A5BB07F1775B}.Release|Any CPU.ActiveCfg = Release|Any CPU
		{8D794366-15E6-29F9-B45A-A5BB07F1775B}.Release|Any CPU.Build.0 = Release|Any CPU
		{BDF60AAB-0298-7F44-DB7D-BCC54D04DFA4}.Debug|Any CPU.ActiveCfg = Debug|Any CPU
		{BDF60AAB-0298-7F44-DB7D-BCC54D04DFA4}.Debug|Any CPU.Build.0 = Debug|Any CPU
		{BDF60AAB-0298-7F44-DB7D-BCC54D04DFA4}.Release|Any CPU.ActiveCfg = Release|Any CPU
		{BDF60AAB-0298-7F44-DB7D-BCC54D04DFA4}.Release|Any CPU.Build.0 = Release|Any CPU
	EndGlobalSection
	GlobalSection(SolutionProperties) = preSolution
		HideSolutionNode = FALSE
	EndGlobalSection
EndGlobal
