
Microsoft Visual Studio Solution File, Format Version 11.00
# Visual Studio 2010
Project("{FAE04EC0-301F-11D3-BF4B-00C04F79EFBC}") = "UnityGLTFScripts", "UnityGLTFScripts.csproj", "{7645caa7-5068-e26f-686b-464baf74993c}"
EndProject
Project("{FAE04EC0-301F-11D3-BF4B-00C04F79EFBC}") = "Assembly-CSharp", "Assembly-CSharp.csproj", "{0e0006c2-4e8a-f229-46d3-e7991f9163df}"
EndProject
Project("{FAE04EC0-301F-11D3-BF4B-00C04F79EFBC}") = "ArkioImportExportCommon", "ArkioImportExportCommon.csproj", "{72efac71-d804-162d-98ba-a12461d7d4f0}"
EndProject
Project("{FAE04EC0-301F-11D3-BF4B-00C04F79EFBC}") = "Cloud", "Cloud.csproj", "{8137381e-e97e-c55b-90cd-8ebd43052f03}"
EndProject
Project("{FAE04EC0-301F-11D3-BF4B-00C04F79EFBC}") = "aitorsimona.traverser", "aitorsimona.traverser.csproj", "{c2c19f31-595d-5d07-db5d-27cf983ccae5}"
EndProject
Project("{FAE04EC0-301F-11D3-BF4B-00C04F79EFBC}") = "UnityGLTFEditor", "UnityGLTFEditor.csproj", "{bc3ddd89-92a1-97b8-836b-f58bfdf55a9b}"
EndProject
Project("{FAE04EC0-301F-11D3-BF4B-00C04F79EFBC}") = "Assembly-CSharp-Editor", "Assembly-CSharp-Editor.csproj", "{28b18233-2c73-ef45-6297-c24fe78d8f59}"
EndProject
Global
	GlobalSection(SolutionConfigurationPlatforms) = preSolution
		Debug|Any CPU = Debug|Any CPU
	EndGlobalSection
	GlobalSection(ProjectConfigurationPlatforms) = postSolution
		{7645caa7-5068-e26f-686b-464baf74993c}.Debug|Any CPU.ActiveCfg = Debug|Any CPU
		{7645caa7-5068-e26f-686b-464baf74993c}.Debug|Any CPU.Build.0 = Debug|Any CPU
		{0e0006c2-4e8a-f229-46d3-e7991f9163df}.Debug|Any CPU.ActiveCfg = Debug|Any CPU
		{0e0006c2-4e8a-f229-46d3-e7991f9163df}.Debug|Any CPU.Build.0 = Debug|Any CPU
		{72efac71-d804-162d-98ba-a12461d7d4f0}.Debug|Any CPU.ActiveCfg = Debug|Any CPU
		{72efac71-d804-162d-98ba-a12461d7d4f0}.Debug|Any CPU.Build.0 = Debug|Any CPU
		{8137381e-e97e-c55b-90cd-8ebd43052f03}.Debug|Any CPU.ActiveCfg = Debug|Any CPU
		{8137381e-e97e-c55b-90cd-8ebd43052f03}.Debug|Any CPU.Build.0 = Debug|Any CPU
		{c2c19f31-595d-5d07-db5d-27cf983ccae5}.Debug|Any CPU.ActiveCfg = Debug|Any CPU
		{c2c19f31-595d-5d07-db5d-27cf983ccae5}.Debug|Any CPU.Build.0 = Debug|Any CPU
		{bc3ddd89-92a1-97b8-836b-f58bfdf55a9b}.Debug|Any CPU.ActiveCfg = Debug|Any CPU
		{bc3ddd89-92a1-97b8-836b-f58bfdf55a9b}.Debug|Any CPU.Build.0 = Debug|Any CPU
		{28b18233-2c73-ef45-6297-c24fe78d8f59}.Debug|Any CPU.ActiveCfg = Debug|Any CPU
		{28b18233-2c73-ef45-6297-c24fe78d8f59}.Debug|Any CPU.Build.0 = Debug|Any CPU
	EndGlobalSection
	GlobalSection(SolutionProperties) = preSolution
		HideSolutionNode = FALSE
	EndGlobalSection
EndGlobal
